<?xml version="1.0" encoding="UTF-8"?>
<CodeBlocks_project_file>
	<FileVersion major="1" minor="6"/>
	<Project>
		<Option title="MovieDirectorSimulator2019"/>
		<Option makefile_is_custom="1"/>
		<Option compiler="gcc"/>
		<Option virtualFolders="CMake Files\;CMake Files\CMake\;CMake Files\..\;CMake Files\..\..\;CMake Files\..\..\..\;CMake Files\..\..\..\..\;CMake Files\..\..\..\..\..\;CMake Files\..\..\..\..\..\..\;CMake Files\..\..\..\..\..\..\usr\;CMake Files\..\..\..\..\..\..\usr\lib\;CMake Files\..\..\..\..\..\..\usr\lib\x86_64-linux-gnu\;CMake Files\..\..\..\..\..\..\usr\lib\x86_64-linux-gnu\cmake\;CMake Files\..\..\..\..\..\..\usr\lib\x86_64-linux-gnu\cmake\SDL2\;"/>
		<Build>
			<Target title="all">
				<Option working_dir="/home/robin/Master/Mif27SynthImg/movie-director-simulator-2019/gkit2light"/>
				<Option type="4"/>
				<MakeCommands>
					<Build command="/usr/bin/make -f &quot;/home/robin/Master/Mif27SynthImg/movie-director-simulator-2019/gkit2light/Makefile&quot;  VERBOSE=1 all"/>
					<CompileFile command="/usr/bin/make -f &quot;/home/robin/Master/Mif27SynthImg/movie-director-simulator-2019/gkit2light/Makefile&quot;  VERBOSE=1 &quot;$file&quot;"/>
					<Clean command="/usr/bin/make -f &quot;/home/robin/Master/Mif27SynthImg/movie-director-simulator-2019/gkit2light/Makefile&quot;  VERBOSE=1 clean"/>
					<DistClean command="/usr/bin/make -f &quot;/home/robin/Master/Mif27SynthImg/movie-director-simulator-2019/gkit2light/Makefile&quot;  VERBOSE=1 clean"/>
				</MakeCommands>
			</Target>
			<Target title="rebuild_cache">
				<Option working_dir="/home/robin/Master/Mif27SynthImg/movie-director-simulator-2019/gkit2light"/>
				<Option type="4"/>
				<MakeCommands>
					<Build command="/usr/bin/make -f &quot;/home/robin/Master/Mif27SynthImg/movie-director-simulator-2019/gkit2light/Makefile&quot;  VERBOSE=1 rebuild_cache"/>
					<CompileFile command="/usr/bin/make -f &quot;/home/robin/Master/Mif27SynthImg/movie-director-simulator-2019/gkit2light/Makefile&quot;  VERBOSE=1 &quot;$file&quot;"/>
					<Clean command="/usr/bin/make -f &quot;/home/robin/Master/Mif27SynthImg/movie-director-simulator-2019/gkit2light/Makefile&quot;  VERBOSE=1 clean"/>
					<DistClean command="/usr/bin/make -f &quot;/home/robin/Master/Mif27SynthImg/movie-director-simulator-2019/gkit2light/Makefile&quot;  VERBOSE=1 clean"/>
				</MakeCommands>
			</Target>
			<Target title="MDS2019.exe">
				<Option output="/home/robin/Master/Mif27SynthImg/movie-director-simulator-2019/gkit2light/bin/MDS2019.exe" prefix_auto="0" extension_auto="0"/>
				<Option working_dir="bin"/>
				<Option object_output="./"/>
				<Option type="1"/>
				<Option compiler="gcc"/>
				<Compiler>
					<Add directory="/home/robin/Master/Mif27SynthImg/movie-director-simulator-2019/gkit2light/src/gKit"/>
					<Add directory="/usr/include/SDL2"/>
				</Compiler>
				<MakeCommands>
					<Build command="/usr/bin/make -f &quot;/home/robin/Master/Mif27SynthImg/movie-director-simulator-2019/gkit2light/Makefile&quot;  VERBOSE=1 MDS2019.exe"/>
					<CompileFile command="/usr/bin/make -f &quot;/home/robin/Master/Mif27SynthImg/movie-director-simulator-2019/gkit2light/Makefile&quot;  VERBOSE=1 &quot;$file&quot;"/>
					<Clean command="/usr/bin/make -f &quot;/home/robin/Master/Mif27SynthImg/movie-director-simulator-2019/gkit2light/Makefile&quot;  VERBOSE=1 clean"/>
					<DistClean command="/usr/bin/make -f &quot;/home/robin/Master/Mif27SynthImg/movie-director-simulator-2019/gkit2light/Makefile&quot;  VERBOSE=1 clean"/>
				</MakeCommands>
			</Target>
			<Target title="MDS2019.exe/fast">
				<Option output="/home/robin/Master/Mif27SynthImg/movie-director-simulator-2019/gkit2light/bin/MDS2019.exe" prefix_auto="0" extension_auto="0"/>
				<Option working_dir="bin"/>
				<Option object_output="./"/>
				<Option type="1"/>
				<Option compiler="gcc"/>
				<Compiler>
					<Add directory="/home/robin/Master/Mif27SynthImg/movie-director-simulator-2019/gkit2light/src/gKit"/>
					<Add directory="/usr/include/SDL2"/>
				</Compiler>
				<MakeCommands>
					<Build command="/usr/bin/make -f &quot;/home/robin/Master/Mif27SynthImg/movie-director-simulator-2019/gkit2light/Makefile&quot;  VERBOSE=1 MDS2019.exe/fast"/>
					<CompileFile command="/usr/bin/make -f &quot;/home/robin/Master/Mif27SynthImg/movie-director-simulator-2019/gkit2light/Makefile&quot;  VERBOSE=1 &quot;$file&quot;"/>
					<Clean command="/usr/bin/make -f &quot;/home/robin/Master/Mif27SynthImg/movie-director-simulator-2019/gkit2light/Makefile&quot;  VERBOSE=1 clean"/>
					<DistClean command="/usr/bin/make -f &quot;/home/robin/Master/Mif27SynthImg/movie-director-simulator-2019/gkit2light/Makefile&quot;  VERBOSE=1 clean"/>
				</MakeCommands>
			</Target>
			<Target title="edit_cache">
				<Option working_dir="/home/robin/Master/Mif27SynthImg/movie-director-simulator-2019/gkit2light"/>
				<Option type="4"/>
				<MakeCommands>
					<Build command="/usr/bin/make -f &quot;/home/robin/Master/Mif27SynthImg/movie-director-simulator-2019/gkit2light/Makefile&quot;  VERBOSE=1 edit_cache"/>
					<CompileFile command="/usr/bin/make -f &quot;/home/robin/Master/Mif27SynthImg/movie-director-simulator-2019/gkit2light/Makefile&quot;  VERBOSE=1 &quot;$file&quot;"/>
					<Clean command="/usr/bin/make -f &quot;/home/robin/Master/Mif27SynthImg/movie-director-simulator-2019/gkit2light/Makefile&quot;  VERBOSE=1 clean"/>
					<DistClean command="/usr/bin/make -f &quot;/home/robin/Master/Mif27SynthImg/movie-director-simulator-2019/gkit2light/Makefile&quot;  VERBOSE=1 clean"/>
				</MakeCommands>
			</Target>
		</Build>
		<Unit filename="/home/robin/Master/Mif27SynthImg/movie-director-simulator-2019/gkit2light/src/MovieDirectorSimulator2019/MovieDirectorSimulator.cpp">
			<Option target="MDS2019.exe"/>
		</Unit>
		<Unit filename="/home/robin/Master/Mif27SynthImg/movie-director-simulator-2019/gkit2light/src/MovieDirectorSimulator2019/MovieDirectorSimulator.h">
			<Option target="MDS2019.exe"/>
		</Unit>
		<Unit filename="/home/robin/Master/Mif27SynthImg/movie-director-simulator-2019/gkit2light/src/MovieDirectorSimulator2019/main.cpp">
			<Option target="MDS2019.exe"/>
		</Unit>
		<Unit filename="/home/robin/Master/Mif27SynthImg/movie-director-simulator-2019/gkit2light/src/gKit/app.cpp">
			<Option target="MDS2019.exe"/>
		</Unit>
		<Unit filename="/home/robin/Master/Mif27SynthImg/movie-director-simulator-2019/gkit2light/src/gKit/app.h">
			<Option target="MDS2019.exe"/>
		</Unit>
		<Unit filename="/home/robin/Master/Mif27SynthImg/movie-director-simulator-2019/gkit2light/src/gKit/app_camera.cpp">
			<Option target="MDS2019.exe"/>
		</Unit>
		<Unit filename="/home/robin/Master/Mif27SynthImg/movie-director-simulator-2019/gkit2light/src/gKit/app_camera.h">
			<Option target="MDS2019.exe"/>
		</Unit>
		<Unit filename="/home/robin/Master/Mif27SynthImg/movie-director-simulator-2019/gkit2light/src/gKit/app_time.cpp">
			<Option target="MDS2019.exe"/>
		</Unit>
		<Unit filename="/home/robin/Master/Mif27SynthImg/movie-director-simulator-2019/gkit2light/src/gKit/app_time.h">
			<Option target="MDS2019.exe"/>
		</Unit>
		<Unit filename="/home/robin/Master/Mif27SynthImg/movie-director-simulator-2019/gkit2light/src/gKit/color.cpp">
			<Option target="MDS2019.exe"/>
		</Unit>
		<Unit filename="/home/robin/Master/Mif27SynthImg/movie-director-simulator-2019/gkit2light/src/gKit/color.h">
			<Option target="MDS2019.exe"/>
		</Unit>
		<Unit filename="/home/robin/Master/Mif27SynthImg/movie-director-simulator-2019/gkit2light/src/gKit/draw.cpp">
			<Option target="MDS2019.exe"/>
		</Unit>
		<Unit filename="/home/robin/Master/Mif27SynthImg/movie-director-simulator-2019/gkit2light/src/gKit/draw.h">
			<Option target="MDS2019.exe"/>
		</Unit>
		<Unit filename="/home/robin/Master/Mif27SynthImg/movie-director-simulator-2019/gkit2light/src/gKit/gamepads.cpp">
			<Option target="MDS2019.exe"/>
		</Unit>
		<Unit filename="/home/robin/Master/Mif27SynthImg/movie-director-simulator-2019/gkit2light/src/gKit/gamepads.h">
			<Option target="MDS2019.exe"/>
		</Unit>
		<Unit filename="/home/robin/Master/Mif27SynthImg/movie-director-simulator-2019/gkit2light/src/gKit/glcore.h">
			<Option target="MDS2019.exe"/>
		</Unit>
		<Unit filename="/home/robin/Master/Mif27SynthImg/movie-director-simulator-2019/gkit2light/src/gKit/image.cpp">
			<Option target="MDS2019.exe"/>
		</Unit>
		<Unit filename="/home/robin/Master/Mif27SynthImg/movie-director-simulator-2019/gkit2light/src/gKit/image.h">
			<Option target="MDS2019.exe"/>
		</Unit>
		<Unit filename="/home/robin/Master/Mif27SynthImg/movie-director-simulator-2019/gkit2light/src/gKit/image_hdr.cpp">
			<Option target="MDS2019.exe"/>
		</Unit>
		<Unit filename="/home/robin/Master/Mif27SynthImg/movie-director-simulator-2019/gkit2light/src/gKit/image_hdr.h">
			<Option target="MDS2019.exe"/>
		</Unit>
		<Unit filename="/home/robin/Master/Mif27SynthImg/movie-director-simulator-2019/gkit2light/src/gKit/image_io.cpp">
			<Option target="MDS2019.exe"/>
		</Unit>
		<Unit filename="/home/robin/Master/Mif27SynthImg/movie-director-simulator-2019/gkit2light/src/gKit/image_io.h">
			<Option target="MDS2019.exe"/>
		</Unit>
		<Unit filename="/home/robin/Master/Mif27SynthImg/movie-director-simulator-2019/gkit2light/src/gKit/mat.cpp">
			<Option target="MDS2019.exe"/>
		</Unit>
		<Unit filename="/home/robin/Master/Mif27SynthImg/movie-director-simulator-2019/gkit2light/src/gKit/mat.h">
			<Option target="MDS2019.exe"/>
		</Unit>
		<Unit filename="/home/robin/Master/Mif27SynthImg/movie-director-simulator-2019/gkit2light/src/gKit/mesh.cpp">
			<Option target="MDS2019.exe"/>
		</Unit>
		<Unit filename="/home/robin/Master/Mif27SynthImg/movie-director-simulator-2019/gkit2light/src/gKit/mesh.h">
			<Option target="MDS2019.exe"/>
		</Unit>
		<Unit filename="/home/robin/Master/Mif27SynthImg/movie-director-simulator-2019/gkit2light/src/gKit/orbiter.cpp">
			<Option target="MDS2019.exe"/>
		</Unit>
		<Unit filename="/home/robin/Master/Mif27SynthImg/movie-director-simulator-2019/gkit2light/src/gKit/orbiter.h">
			<Option target="MDS2019.exe"/>
		</Unit>
		<Unit filename="/home/robin/Master/Mif27SynthImg/movie-director-simulator-2019/gkit2light/src/gKit/program.cpp">
			<Option target="MDS2019.exe"/>
		</Unit>
		<Unit filename="/home/robin/Master/Mif27SynthImg/movie-director-simulator-2019/gkit2light/src/gKit/program.h">
			<Option target="MDS2019.exe"/>
		</Unit>
		<Unit filename="/home/robin/Master/Mif27SynthImg/movie-director-simulator-2019/gkit2light/src/gKit/quaternion.h">
			<Option target="MDS2019.exe"/>
		</Unit>
		<Unit filename="/home/robin/Master/Mif27SynthImg/movie-director-simulator-2019/gkit2light/src/gKit/rgbe.cpp">
			<Option target="MDS2019.exe"/>
		</Unit>
		<Unit filename="/home/robin/Master/Mif27SynthImg/movie-director-simulator-2019/gkit2light/src/gKit/rgbe.h">
			<Option target="MDS2019.exe"/>
		</Unit>
		<Unit filename="/home/robin/Master/Mif27SynthImg/movie-director-simulator-2019/gkit2light/src/gKit/text.cpp">
			<Option target="MDS2019.exe"/>
		</Unit>
		<Unit filename="/home/robin/Master/Mif27SynthImg/movie-director-simulator-2019/gkit2light/src/gKit/text.h">
			<Option target="MDS2019.exe"/>
		</Unit>
		<Unit filename="/home/robin/Master/Mif27SynthImg/movie-director-simulator-2019/gkit2light/src/gKit/texture.cpp">
			<Option target="MDS2019.exe"/>
		</Unit>
		<Unit filename="/home/robin/Master/Mif27SynthImg/movie-director-simulator-2019/gkit2light/src/gKit/texture.h">
			<Option target="MDS2019.exe"/>
		</Unit>
		<Unit filename="/home/robin/Master/Mif27SynthImg/movie-director-simulator-2019/gkit2light/src/gKit/uniforms.cpp">
			<Option target="MDS2019.exe"/>
		</Unit>
		<Unit filename="/home/robin/Master/Mif27SynthImg/movie-director-simulator-2019/gkit2light/src/gKit/uniforms.h">
			<Option target="MDS2019.exe"/>
		</Unit>
		<Unit filename="/home/robin/Master/Mif27SynthImg/movie-director-simulator-2019/gkit2light/src/gKit/vec.cpp">
			<Option target="MDS2019.exe"/>
		</Unit>
		<Unit filename="/home/robin/Master/Mif27SynthImg/movie-director-simulator-2019/gkit2light/src/gKit/vec.h">
			<Option target="MDS2019.exe"/>
		</Unit>
		<Unit filename="/home/robin/Master/Mif27SynthImg/movie-director-simulator-2019/gkit2light/src/gKit/wavefront.cpp">
			<Option target="MDS2019.exe"/>
		</Unit>
		<Unit filename="/home/robin/Master/Mif27SynthImg/movie-director-simulator-2019/gkit2light/src/gKit/wavefront.h">
			<Option target="MDS2019.exe"/>
		</Unit>
		<Unit filename="/home/robin/Master/Mif27SynthImg/movie-director-simulator-2019/gkit2light/src/gKit/widgets.cpp">
			<Option target="MDS2019.exe"/>
		</Unit>
		<Unit filename="/home/robin/Master/Mif27SynthImg/movie-director-simulator-2019/gkit2light/src/gKit/widgets.h">
			<Option target="MDS2019.exe"/>
		</Unit>
		<Unit filename="/home/robin/Master/Mif27SynthImg/movie-director-simulator-2019/gkit2light/src/gKit/window.cpp">
			<Option target="MDS2019.exe"/>
		</Unit>
		<Unit filename="/home/robin/Master/Mif27SynthImg/movie-director-simulator-2019/gkit2light/src/gKit/window.h">
			<Option target="MDS2019.exe"/>
		</Unit>
		<Unit filename="/home/robin/Master/Mif27SynthImg/movie-director-simulator-2019/gkit2light/CMakeLists.txt">
			<Option virtualFolder="CMake Files\"/>
		</Unit>
		<Unit filename="/home/robin/Master/Mif27SynthImg/movie-director-simulator-2019/gkit2light/CMake/addDependencies.cmake">
			<Option virtualFolder="CMake Files\CMake\"/>
		</Unit>
		<Unit filename="/home/robin/Master/Mif27SynthImg/movie-director-simulator-2019/gkit2light/CMake/cmakeConfiguration.cmake">
			<Option virtualFolder="CMake Files\CMake\"/>
		</Unit>
		<Unit filename="/home/robin/Master/Mif27SynthImg/movie-director-simulator-2019/gkit2light/../../../../../../usr/lib/x86_64-linux-gnu/cmake/SDL2/sdl2-config.cmake">
			<Option virtualFolder="CMake Files\..\..\..\..\..\..\usr\lib\x86_64-linux-gnu\cmake\SDL2\"/>
		</Unit>
	</Project>
</CodeBlocks_project_file>
